
Microsoft Visual Studio Solution File, Format Version 12.00
# Visual Studio Version 16
VisualStudioVersion = 16.0.29306.81
MinimumVisualStudioVersion = 10.0.40219.1
Project("{FAE04EC0-301F-11D3-BF4B-00C04F79EFBC}") = "Day6", "Day6\Day6.csproj", "{197D3950-751B-43C8-98E7-43C500ED58C1}"
EndProject
Global
	GlobalSection(SolutionConfigurationPlatforms) = preSolution
		Debug|Any CPU = Debug|Any CPU
		Release|Any CPU = Release|Any CPU
	EndGlobalSection
	GlobalSection(ProjectConfigurationPlatforms) = postSolution
		{197D3950-751B-43C8-98E7-43C500ED58C1}.Debug|Any CPU.ActiveCfg = Debug|Any CPU
		{197D3950-751B-43C8-98E7-43C500ED58C1}.Debug|Any CPU.Build.0 = Debug|Any CPU
		{197D3950-751B-43C8-98E7-43C500ED58C1}.Release|Any CPU.ActiveCfg = Release|Any CPU
		{197D3950-751B-43C8-98E7-43C500ED58C1}.Release|Any CPU.Build.0 = Release|Any CPU
	EndGlobalSection
	GlobalSection(SolutionProperties) = preSolution
		HideSolutionNode = FALSE
	EndGlobalSection
	GlobalSection(ExtensibilityGlobals) = postSolution
		SolutionGuid = {47B8BBCB-C7B4-4A78-8FED-FC482A425DA5}
	EndGlobalSection
EndGlobal
